
Microsoft Visual Studio Solution File, Format Version 12.00
# Visual Studio Version 17
VisualStudioVersion = 17.3.32929.385
MinimumVisualStudioVersion = 10.0.40219.1
Project("{FAE04EC0-301F-11D3-BF4B-00C04F79EFBC}") = "Challenge_1015", "Challenge_1015\Challenge_1015.csproj", "{8766B215-1F44-4448-8E38-25A33595B5C5}"
EndProject
Global
	GlobalSection(SolutionConfigurationPlatforms) = preSolution
		Debug|Any CPU = Debug|Any CPU
		Release|Any CPU = Release|Any CPU
	EndGlobalSection
	GlobalSection(ProjectConfigurationPlatforms) = postSolution
		{8766B215-1F44-4448-8E38-25A33595B5C5}.Debug|Any CPU.ActiveCfg = Debug|Any CPU
		{8766B215-1F44-4448-8E38-25A33595B5C5}.Debug|Any CPU.Build.0 = Debug|Any CPU
		{8766B215-1F44-4448-8E38-25A33595B5C5}.Release|Any CPU.ActiveCfg = Release|Any CPU
		{8766B215-1F44-4448-8E38-25A33595B5C5}.Release|Any CPU.Build.0 = Release|Any CPU
	EndGlobalSection
	GlobalSection(SolutionProperties) = preSolution
		HideSolutionNode = FALSE
	EndGlobalSection
	GlobalSection(ExtensibilityGlobals) = postSolution
		SolutionGuid = {9DA4A24E-04C1-40DF-A6E8-8C559C003970}
	EndGlobalSection
EndGlobal
